github.com/gorilla/websocket v1.5.3 h1:saDtZ6Pbx/0u+bgYQ3q96pZgCzfhKXGPqt7kZ72aNNg=
github.com/gorilla/websocket v1.5.3/go.mod h1:YR8l580nyteQvAITg2hZ9XVh4b55+EU/adAjf1fMHhE=
github.com/woodstock-tokyo/pinescription v0.0.0-20260407040215-f50f8d453cc0 h1:5I3oKxQR9Z+DHqUt8wlhJLaXKZsF9Ft/5d5AiZgVaHw=
github.com/woodstock-tokyo/pinescription v0.0.0-20260407040215-f50f8d453cc0/go.mod h1:+kS3NoS7wYiqku5C0Nc7kqh+r86s/Tll2Igxr3pbCx0=
gonum.org/v1/gonum v0.17.0 h1:VbpOemQlsSMrYmn7T2OUvQ4dqxQXU+ouZFQsZOx50z4=
gonum.org/v1/gonum v0.17.0/go.mod h1:El3tOrEuMpv2UdMrbNlKEh9vd86bmQ6vqIcDwxEOc1E=
